
Microsoft Visual Studio Solution File, Format Version 12.00
# Visual Studio 15
VisualStudioVersion = 15.0.27428.2043
MinimumVisualStudioVersion = 10.0.40219.1
Project("{FAE04EC0-301F-11D3-BF4B-00C04F79EFBC}") = "BookIt_AdminConsole", "BookIt_AdminConsole\BookIt_AdminConsole.csproj", "{5BCEEB44-BEF4-4BBE-8086-DC6CA9A26C80}"
EndProject
Global
	GlobalSection(SolutionConfigurationPlatforms) = preSolution
		Debug|Any CPU = Debug|Any CPU
		Release|Any CPU = Release|Any CPU
	EndGlobalSection
	GlobalSection(ProjectConfigurationPlatforms) = postSolution
		{5BCEEB44-BEF4-4BBE-8086-DC6CA9A26C80}.Debug|Any CPU.ActiveCfg = Debug|Any CPU
		{5BCEEB44-BEF4-4BBE-8086-DC6CA9A26C80}.Debug|Any CPU.Build.0 = Debug|Any CPU
		{5BCEEB44-BEF4-4BBE-8086-DC6CA9A26C80}.Release|Any CPU.ActiveCfg = Release|Any CPU
		{5BCEEB44-BEF4-4BBE-8086-DC6CA9A26C80}.Release|Any CPU.Build.0 = Release|Any CPU
	EndGlobalSection
	GlobalSection(SolutionProperties) = preSolution
		HideSolutionNode = FALSE
	EndGlobalSection
	GlobalSection(ExtensibilityGlobals) = postSolution
		SolutionGuid = {21CDA4F6-1CE8-414A-82D8-E8084C4D9A14}
	EndGlobalSection
EndGlobal
